// !$*UTF8*$!
{
	archiveVersion = 1;
	classes = {
	};
	objectVersion = 55;
	objects = {

/* Begin PBXBuildFile section */
		821B9EC0298EF9760060AA50 /* ImageLoader.swift in Sources */ = {isa = PBXBuildFile; fileRef = 821B9EBF298EF9760060AA50 /* ImageLoader.swift */; };
		821B9EC2298EFA1E0060AA50 /* UIImageView+ImageLoader.swift in Sources */ = {isa = PBXBuildFile; fileRef = 821B9EC1298EFA1E0060AA50 /* UIImageView+ImageLoader.swift */; };
		821B9EC5298F0D220060AA50 /* WebViewController.swift in Sources */ = {isa = PBXBuildFile; fileRef = 821B9EC3298F0D220060AA50 /* WebViewController.swift */; };
		821B9EC6298F0D220060AA50 /* WebViewController.xib in Resources */ = {isa = PBXBuildFile; fileRef = 821B9EC4298F0D220060AA50 /* WebViewController.xib */; };
		821B9EC9298F965A0060AA50 /* DetailViewController.swift in Sources */ = {isa = PBXBuildFile; fileRef = 821B9EC7298F965A0060AA50 /* DetailViewController.swift */; };
		821B9ECA298F965A0060AA50 /* DetailViewController.xib in Resources */ = {isa = PBXBuildFile; fileRef = 821B9EC8298F965A0060AA50 /* DetailViewController.xib */; };
		8229132B298D9502008FBC53 /* MainViewController.swift in Sources */ = {isa = PBXBuildFile; fileRef = 82291329298D9502008FBC53 /* MainViewController.swift */; };
		8229132C298D9502008FBC53 /* MainViewController.xib in Resources */ = {isa = PBXBuildFile; fileRef = 8229132A298D9502008FBC53 /* MainViewController.xib */; };
		8229132F298D9AC1008FBC53 /* TableViewCell.swift in Sources */ = {isa = PBXBuildFile; fileRef = 8229132D298D9AC1008FBC53 /* TableViewCell.swift */; };
		82291330298D9AC1008FBC53 /* TableViewCell.xib in Resources */ = {isa = PBXBuildFile; fileRef = 8229132E298D9AC1008FBC53 /* TableViewCell.xib */; };
		82291334298E4EAB008FBC53 /* NetworkManager.swift in Sources */ = {isa = PBXBuildFile; fileRef = 82291333298E4EAB008FBC53 /* NetworkManager.swift */; };
		82291337298E4FF0008FBC53 /* News.swift in Sources */ = {isa = PBXBuildFile; fileRef = 82291336298E4FF0008FBC53 /* News.swift */; };
		82CA5165298D6A2B000F13BD /* AppDelegate.swift in Sources */ = {isa = PBXBuildFile; fileRef = 82CA5164298D6A2B000F13BD /* AppDelegate.swift */; };
		82CA516E298D6A2F000F13BD /* Assets.xcassets in Resources */ = {isa = PBXBuildFile; fileRef = 82CA516D298D6A2F000F13BD /* Assets.xcassets */; };
		82CA5171298D6A2F000F13BD /* LaunchScreen.storyboard in Resources */ = {isa = PBXBuildFile; fileRef = 82CA516F298D6A2F000F13BD /* LaunchScreen.storyboard */; };
/* End PBXBuildFile section */

/* Begin PBXFileReference section */
		821B9EBF298EF9760060AA50 /* ImageLoader.swift */ = {isa = PBXFileReference; lastKnownFileType = sourcecode.swift; path = ImageLoader.swift; sourceTree = "<group>"; };
		821B9EC1298EFA1E0060AA50 /* UIImageView+ImageLoader.swift */ = {isa = PBXFileReference; lastKnownFileType = sourcecode.swift; path = "UIImageView+ImageLoader.swift"; sourceTree = "<group>"; };
		821B9EC3298F0D220060AA50 /* WebViewController.swift */ = {isa = PBXFileReference; lastKnownFileType = sourcecode.swift; path = WebViewController.swift; sourceTree = "<group>"; };
		821B9EC4298F0D220060AA50 /* WebViewController.xib */ = {isa = PBXFileReference; lastKnownFileType = file.xib; path = WebViewController.xib; sourceTree = "<group>"; };
		821B9EC7298F965A0060AA50 /* DetailViewController.swift */ = {isa = PBXFileReference; lastKnownFileType = sourcecode.swift; path = DetailViewController.swift; sourceTree = "<group>"; };
		821B9EC8298F965A0060AA50 /* DetailViewController.xib */ = {isa = PBXFileReference; lastKnownFileType = file.xib; path = DetailViewController.xib; sourceTree = "<group>"; };
		82291329298D9502008FBC53 /* MainViewController.swift */ = {isa = PBXFileReference; lastKnownFileType = sourcecode.swift; path = MainViewController.swift; sourceTree = "<group>"; };
		8229132A298D9502008FBC53 /* MainViewController.xib */ = {isa = PBXFileReference; lastKnownFileType = file.xib; path = MainViewController.xib; sourceTree = "<group>"; };
		8229132D298D9AC1008FBC53 /* TableViewCell.swift */ = {isa = PBXFileReference; lastKnownFileType = sourcecode.swift; path = TableViewCell.swift; sourceTree = "<group>"; };
		8229132E298D9AC1008FBC53 /* TableViewCell.xib */ = {isa = PBXFileReference; lastKnownFileType = file.xib; path = TableViewCell.xib; sourceTree = "<group>"; };
		82291333298E4EAB008FBC53 /* NetworkManager.swift */ = {isa = PBXFileReference; lastKnownFileType = sourcecode.swift; path = NetworkManager.swift; sourceTree = "<group>"; };
		82291336298E4FF0008FBC53 /* News.swift */ = {isa = PBXFileReference; lastKnownFileType = sourcecode.swift; path = News.swift; sourceTree = "<group>"; };
		82CA5161298D6A2B000F13BD /* yaprincevLab.app */ = {isa = PBXFileReference; explicitFileType = wrapper.application; includeInIndex = 0; path = yaprincevLab.app; sourceTree = BUILT_PRODUCTS_DIR; };
		82CA5164298D6A2B000F13BD /* AppDelegate.swift */ = {isa = PBXFileReference; lastKnownFileType = sourcecode.swift; path = AppDelegate.swift; sourceTree = "<group>"; };
		82CA516D298D6A2F000F13BD /* Assets.xcassets */ = {isa = PBXFileReference; lastKnownFileType = folder.assetcatalog; path = Assets.xcassets; sourceTree = "<group>"; };
		82CA5170298D6A2F000F13BD /* Base */ = {isa = PBXFileReference; lastKnownFileType = file.storyboard; name = Base; path = Base.lproj/LaunchScreen.storyboard; sourceTree = "<group>"; };
		82CA5172298D6A2F000F13BD /* Info.plist */ = {isa = PBXFileReference; lastKnownFileType = text.plist.xml; path = Info.plist; sourceTree = "<group>"; };
/* End PBXFileReference section */

/* Begin PBXFrameworksBuildPhase section */
		82CA515E298D6A2B000F13BD /* Frameworks */ = {
			isa = PBXFrameworksBuildPhase;
			buildActionMask = 2147483647;
			files = (
			);
			runOnlyForDeploymentPostprocessing = 0;
		};
/* End PBXFrameworksBuildPhase section */

/* Begin PBXGroup section */
		82291331298E4E67008FBC53 /* Services */ = {
			isa = PBXGroup;
			children = (
				82291338298EF89C008FBC53 /* ImageLoader */,
				82291335298E4F04008FBC53 /* Models */,
				82291332298E4E8B008FBC53 /* Networking */,
			);
			path = Services;
			sourceTree = "<group>";
		};
		82291332298E4E8B008FBC53 /* Networking */ = {
			isa = PBXGroup;
			children = (
				82291333298E4EAB008FBC53 /* NetworkManager.swift */,
			);
			path = Networking;
			sourceTree = "<group>";
		};
		82291335298E4F04008FBC53 /* Models */ = {
			isa = PBXGroup;
			children = (
				82291336298E4FF0008FBC53 /* News.swift */,
			);
			path = Models;
			sourceTree = "<group>";
		};
		82291338298EF89C008FBC53 /* ImageLoader */ = {
			isa = PBXGroup;
			children = (
				821B9EBF298EF9760060AA50 /* ImageLoader.swift */,
				821B9EC1298EFA1E0060AA50 /* UIImageView+ImageLoader.swift */,
			);
			path = ImageLoader;
			sourceTree = "<group>";
		};
		82CA5158298D6A2B000F13BD = {
			isa = PBXGroup;
			children = (
				82CA5163298D6A2B000F13BD /* yaprincevLab */,
				82CA5162298D6A2B000F13BD /* Products */,
			);
			sourceTree = "<group>";
		};
		82CA5162298D6A2B000F13BD /* Products */ = {
			isa = PBXGroup;
			children = (
				82CA5161298D6A2B000F13BD /* yaprincevLab.app */,
			);
			name = Products;
			sourceTree = "<group>";
		};
		82CA5163298D6A2B000F13BD /* yaprincevLab */ = {
			isa = PBXGroup;
			children = (
				82CA5172298D6A2F000F13BD /* Info.plist */,
				82CB852B298FFD1C00586F17 /* MainFlow */,
				82CB852A298FFCF100586F17 /* Application */,
				82291331298E4E67008FBC53 /* Services */,
			);
			path = yaprincevLab;
			sourceTree = "<group>";
		};
		82CB852A298FFCF100586F17 /* Application */ = {
			isa = PBXGroup;
			children = (
				82CA516D298D6A2F000F13BD /* Assets.xcassets */,
				82CA516F298D6A2F000F13BD /* LaunchScreen.storyboard */,
			);
			path = Application;
			sourceTree = "<group>";
		};
		82CB852B298FFD1C00586F17 /* MainFlow */ = {
			isa = PBXGroup;
			children = (
				82CA5164298D6A2B000F13BD /* AppDelegate.swift */,
				82CB852C298FFD2A00586F17 /* MainModule */,
				82CB852D298FFD3C00586F17 /* DetailModule */,
				82CB852F298FFD6600586F17 /* WebModule */,
			);
			path = MainFlow;
			sourceTree = "<group>";
		};
		82CB852C298FFD2A00586F17 /* MainModule */ = {
			isa = PBXGroup;
			children = (
				82CB852E298FFD4900586F17 /* Cells */,
				82291329298D9502008FBC53 /* MainViewController.swift */,
				8229132A298D9502008FBC53 /* MainViewController.xib */,
			);
			path = MainModule;
			sourceTree = "<group>";
		};
		82CB852D298FFD3C00586F17 /* DetailModule */ = {
			isa = PBXGroup;
			children = (
				821B9EC7298F965A0060AA50 /* DetailViewController.swift */,
				821B9EC8298F965A0060AA50 /* DetailViewController.xib */,
			);
			path = DetailModule;
			sourceTree = "<group>";
		};
		82CB852E298FFD4900586F17 /* Cells */ = {
			isa = PBXGroup;
			children = (
				8229132D298D9AC1008FBC53 /* TableViewCell.swift */,
				8229132E298D9AC1008FBC53 /* TableViewCell.xib */,
			);
			path = Cells;
			sourceTree = "<group>";
		};
		82CB852F298FFD6600586F17 /* WebModule */ = {
			isa = PBXGroup;
			children = (
				821B9EC3298F0D220060AA50 /* WebViewController.swift */,
				821B9EC4298F0D220060AA50 /* WebViewController.xib */,
			);
			path = WebModule;
			sourceTree = "<group>";
		};
/* End PBXGroup section */

/* Begin PBXNativeTarget section */
		82CA5160298D6A2B000F13BD /* yaprincevLab */ = {
			isa = PBXNativeTarget;
			buildConfigurationList = 82CA5175298D6A2F000F13BD /* Build configuration list for PBXNativeTarget "yaprincevLab" */;
			buildPhases = (
				82CA515D298D6A2B000F13BD /* Sources */,
				82CA515E298D6A2B000F13BD /* Frameworks */,
				82CA515F298D6A2B000F13BD /* Resources */,
			);
			buildRules = (
			);
			dependencies = (
			);
			name = yaprincevLab;
			productName = yaprincevLab;
			productReference = 82CA5161298D6A2B000F13BD /* yaprincevLab.app */;
			productType = "com.apple.product-type.application";
		};
/* End PBXNativeTarget section */

/* Begin PBXProject section */
		82CA5159298D6A2B000F13BD /* Project object */ = {
			isa = PBXProject;
			attributes = {
				BuildIndependentTargetsInParallel = 1;
				LastSwiftUpdateCheck = 1330;
				LastUpgradeCheck = 1330;
				TargetAttributes = {
					82CA5160298D6A2B000F13BD = {
						CreatedOnToolsVersion = 13.3;
					};
				};
			};
			buildConfigurationList = 82CA515C298D6A2B000F13BD /* Build configuration list for PBXProject "yaprincevLab" */;
			compatibilityVersion = "Xcode 13.0";
			developmentRegion = en;
			hasScannedForEncodings = 0;
			knownRegions = (
				en,
				Base,
			);
			mainGroup = 82CA5158298D6A2B000F13BD;
			productRefGroup = 82CA5162298D6A2B000F13BD /* Products */;
			projectDirPath = "";
			projectRoot = "";
			targets = (
				82CA5160298D6A2B000F13BD /* yaprincevLab */,
			);
		};
/* End PBXProject section */

/* Begin PBXResourcesBuildPhase section */
		82CA515F298D6A2B000F13BD /* Resources */ = {
			isa = PBXResourcesBuildPhase;
			buildActionMask = 2147483647;
			files = (
				82CA5171298D6A2F000F13BD /* LaunchScreen.storyboard in Resources */,
				82291330298D9AC1008FBC53 /* TableViewCell.xib in Resources */,
				821B9ECA298F965A0060AA50 /* DetailViewController.xib in Resources */,
				82CA516E298D6A2F000F13BD /* Assets.xcassets in Resources */,
				821B9EC6298F0D220060AA50 /* WebViewController.xib in Resources */,
				8229132C298D9502008FBC53 /* MainViewController.xib in Resources */,
			);
			runOnlyForDeploymentPostprocessing = 0;
		};
/* End PBXResourcesBuildPhase section */

/* Begin PBXSourcesBuildPhase section */
		82CA515D298D6A2B000F13BD /* Sources */ = {
			isa = PBXSourcesBuildPhase;
			buildActionMask = 2147483647;
			files = (
				821B9EC0298EF9760060AA50 /* ImageLoader.swift in Sources */,
				821B9EC5298F0D220060AA50 /* WebViewController.swift in Sources */,
				821B9EC2298EFA1E0060AA50 /* UIImageView+ImageLoader.swift in Sources */,
				82291337298E4FF0008FBC53 /* News.swift in Sources */,
				8229132B298D9502008FBC53 /* MainViewController.swift in Sources */,
				8229132F298D9AC1008FBC53 /* TableViewCell.swift in Sources */,
				82291334298E4EAB008FBC53 /* NetworkManager.swift in Sources */,
				821B9EC9298F965A0060AA50 /* DetailViewController.swift in Sources */,
				82CA5165298D6A2B000F13BD /* AppDelegate.swift in Sources */,
			);
			runOnlyForDeploymentPostprocessing = 0;
		};
/* End PBXSourcesBuildPhase section */

/* Begin PBXVariantGroup section */
		82CA516F298D6A2F000F13BD /* LaunchScreen.storyboard */ = {
			isa = PBXVariantGroup;
			children = (
				82CA5170298D6A2F000F13BD /* Base */,
			);
			name = LaunchScreen.storyboard;
			sourceTree = "<group>";
		};
/* End PBXVariantGroup section */

/* Begin XCBuildConfiguration section */
		82CA5173298D6A2F000F13BD /* Debug */ = {
			isa = XCBuildConfiguration;
			buildSettings = {
				ALWAYS_SEARCH_USER_PATHS = NO;
				CLANG_ANALYZER_NONNULL = YES;
				CLANG_ANALYZER_NUMBER_OBJECT_CONVERSION = YES_AGGRESSIVE;
				CLANG_CXX_LANGUAGE_STANDARD = "gnu++17";
				CLANG_ENABLE_MODULES = YES;
				CLANG_ENABLE_OBJC_ARC = YES;
				CLANG_ENABLE_OBJC_WEAK = YES;
				CLANG_WARN_BLOCK_CAPTURE_AUTORELEASING = YES;
				CLANG_WARN_BOOL_CONVERSION = YES;
				CLANG_WARN_COMMA = YES;
				CLANG_WARN_CONSTANT_CONVERSION = YES;
				CLANG_WARN_DEPRECATED_OBJC_IMPLEMENTATIONS = YES;
				CLANG_WARN_DIRECT_OBJC_ISA_USAGE = YES_ERROR;
				CLANG_WARN_DOCUMENTATION_COMMENTS = YES;
				CLANG_WARN_EMPTY_BODY = YES;
				CLANG_WARN_ENUM_CONVERSION = YES;
				CLANG_WARN_INFINITE_RECURSION = YES;
				CLANG_WARN_INT_CONVERSION = YES;
				CLANG_WARN_NON_LITERAL_NULL_CONVERSION = YES;
				CLANG_WARN_OBJC_IMPLICIT_RETAIN_SELF = YES;
				CLANG_WARN_OBJC_LITERAL_CONVERSION = YES;
				CLANG_WARN_OBJC_ROOT_CLASS = YES_ERROR;
				CLANG_WARN_QUOTED_INCLUDE_IN_FRAMEWORK_HEADER = YES;
				CLANG_WARN_RANGE_LOOP_ANALYSIS = YES;
				CLANG_WARN_STRICT_PROTOTYPES = YES;
				CLANG_WARN_SUSPICIOUS_MOVE = YES;
				CLANG_WARN_UNGUARDED_AVAILABILITY = YES_AGGRESSIVE;
				CLANG_WARN_UNREACHABLE_CODE = YES;
				CLANG_WARN__DUPLICATE_METHOD_MATCH = YES;
				COPY_PHASE_STRIP = NO;
				DEBUG_INFORMATION_FORMAT = dwarf;
				ENABLE_STRICT_OBJC_MSGSEND = YES;
				ENABLE_TESTABILITY = YES;
				GCC_C_LANGUAGE_STANDARD = gnu11;
				GCC_DYNAMIC_NO_PIC = NO;
				GCC_NO_COMMON_BLOCKS = YES;
				GCC_OPTIMIZATION_LEVEL = 0;
				GCC_PREPROCESSOR_DEFINITIONS = (
					"DEBUG=1",
					"$(inherited)",
				);
				GCC_WARN_64_TO_32_BIT_CONVERSION = YES;
				GCC_WARN_ABOUT_RETURN_TYPE = YES_ERROR;
				GCC_WARN_UNDECLARED_SELECTOR = YES;
				GCC_WARN_UNINITIALIZED_AUTOS = YES_AGGRESSIVE;
				GCC_WARN_UNUSED_FUNCTION = YES;
				GCC_WARN_UNUSED_VARIABLE = YES;
				IPHONEOS_DEPLOYMENT_TARGET = 15.4;
				MTL_ENABLE_DEBUG_INFO = INCLUDE_SOURCE;
				MTL_FAST_MATH = YES;
				ONLY_ACTIVE_ARCH = YES;
				SDKROOT = iphoneos;
				SWIFT_ACTIVE_COMPILATION_CONDITIONS = DEBUG;
				SWIFT_OPTIMIZATION_LEVEL = "-Onone";
			};
			name = Debug;
		};
		82CA5174298D6A2F000F13BD /* Release */ = {
			isa = XCBuildConfiguration;
			buildSettings = {
				ALWAYS_SEARCH_USER_PATHS = NO;
				CLANG_ANALYZER_NONNULL = YES;
				CLANG_ANALYZER_NUMBER_OBJECT_CONVERSION = YES_AGGRESSIVE;
				CLANG_CXX_LANGUAGE_STANDARD = "gnu++17";
				CLANG_ENABLE_MODULES = YES;
				CLANG_ENABLE_OBJC_ARC = YES;
				CLANG_ENABLE_OBJC_WEAK = YES;
				CLANG_WARN_BLOCK_CAPTURE_AUTORELEASING = YES;
				CLANG_WARN_BOOL_CONVERSION = YES;
				CLANG_WARN_COMMA = YES;
				CLANG_WARN_CONSTANT_CONVERSION = YES;
				CLANG_WARN_DEPRECATED_OBJC_IMPLEMENTATIONS = YES;
				CLANG_WARN_DIRECT_OBJC_ISA_USAGE = YES_ERROR;
				CLANG_WARN_DOCUMENTATION_COMMENTS = YES;
				CLANG_WARN_EMPTY_BODY = YES;
				CLANG_WARN_ENUM_CONVERSION = YES;
				CLANG_WARN_INFINITE_RECURSION = YES;
				CLANG_WARN_INT_CONVERSION = YES;
				CLANG_WARN_NON_LITERAL_NULL_CONVERSION = YES;
				CLANG_WARN_OBJC_IMPLICIT_RETAIN_SELF = YES;
				CLANG_WARN_OBJC_LITERAL_CONVERSION = YES;
				CLANG_WARN_OBJC_ROOT_CLASS = YES_ERROR;
				CLANG_WARN_QUOTED_INCLUDE_IN_FRAMEWORK_HEADER = YES;
				CLANG_WARN_RANGE_LOOP_ANALYSIS = YES;
				CLANG_WARN_STRICT_PROTOTYPES = YES;
				CLANG_WARN_SUSPICIOUS_MOVE = YES;
				CLANG_WARN_UNGUARDED_AVAILABILITY = YES_AGGRESSIVE;
				CLANG_WARN_UNREACHABLE_CODE = YES;
				CLANG_WARN__DUPLICATE_METHOD_MATCH = YES;
				COPY_PHASE_STRIP = NO;
				DEBUG_INFORMATION_FORMAT = "dwarf-with-dsym";
				ENABLE_NS_ASSERTIONS = NO;
				ENABLE_STRICT_OBJC_MSGSEND = YES;
				GCC_C_LANGUAGE_STANDARD = gnu11;
				GCC_NO_COMMON_BLOCKS = YES;
				GCC_WARN_64_TO_32_BIT_CONVERSION = YES;
				GCC_WARN_ABOUT_RETURN_TYPE = YES_ERROR;
				GCC_WARN_UNDECLARED_SELECTOR = YES;
				GCC_WARN_UNINITIALIZED_AUTOS = YES_AGGRESSIVE;
				GCC_WARN_UNUSED_FUNCTION = YES;
				GCC_WARN_UNUSED_VARIABLE = YES;
				IPHONEOS_DEPLOYMENT_TARGET = 15.4;
				MTL_ENABLE_DEBUG_INFO = NO;
				MTL_FAST_MATH = YES;
				SDKROOT = iphoneos;
				SWIFT_COMPILATION_MODE = wholemodule;
				SWIFT_OPTIMIZATION_LEVEL = "-O";
				VALIDATE_PRODUCT = YES;
			};
			name = Release;
		};
		82CA5176298D6A2F000F13BD /* Debug */ = {
			isa = XCBuildConfiguration;
			buildSettings = {
				ASSETCATALOG_COMPILER_APPICON_NAME = AppIcon;
				ASSETCATALOG_COMPILER_GLOBAL_ACCENT_COLOR_NAME = AccentColor;
				CODE_SIGN_STYLE = Automatic;
				CURRENT_PROJECT_VERSION = 1;
				GENERATE_INFOPLIST_FILE = YES;
				INFOPLIST_FILE = yaprincevLab/Info.plist;
				INFOPLIST_KEY_UIApplicationSupportsIndirectInputEvents = YES;
				INFOPLIST_KEY_UILaunchStoryboardName = LaunchScreen;
				INFOPLIST_KEY_UISupportedInterfaceOrientations_iPad = "UIInterfaceOrientationPortrait UIInterfaceOrientationPortraitUpsideDown UIInterfaceOrientationLandscapeLeft UIInterfaceOrientationLandscapeRight";
				INFOPLIST_KEY_UISupportedInterfaceOrientations_iPhone = "UIInterfaceOrientationPortrait UIInterfaceOrientationLandscapeLeft UIInterfaceOrientationLandscapeRight";
				LD_RUNPATH_SEARCH_PATHS = (
					"$(inherited)",
					"@executable_path/Frameworks",
				);
				MARKETING_VERSION = 1.0;
				PRODUCT_BUNDLE_IDENTIFIER = Tinkoff.yaprincevLab;
				PRODUCT_NAME = "$(TARGET_NAME)";
				SWIFT_EMIT_LOC_STRINGS = YES;
				SWIFT_VERSION = 5.0;
				TARGETED_DEVICE_FAMILY = "1,2";
			};
			name = Debug;
		};
		82CA5177298D6A2F000F13BD /* Release */ = {
			isa = XCBuildConfiguration;
			buildSettings = {
				ASSETCATALOG_COMPILER_APPICON_NAME = AppIcon;
				ASSETCATALOG_COMPILER_GLOBAL_ACCENT_COLOR_NAME = AccentColor;
				CODE_SIGN_STYLE = Automatic;
				CURRENT_PROJECT_VERSION = 1;
				GENERATE_INFOPLIST_FILE = YES;
				INFOPLIST_FILE = yaprincevLab/Info.plist;
				INFOPLIST_KEY_UIApplicationSupportsIndirectInputEvents = YES;
				INFOPLIST_KEY_UILaunchStoryboardName = LaunchScreen;
				INFOPLIST_KEY_UISupportedInterfaceOrientations_iPad = "UIInterfaceOrientationPortrait UIInterfaceOrientationPortraitUpsideDown UIInterfaceOrientationLandscapeLeft UIInterfaceOrientationLandscapeRight";
				INFOPLIST_KEY_UISupportedInterfaceOrientations_iPhone = "UIInterfaceOrientationPortrait UIInterfaceOrientationLandscapeLeft UIInterfaceOrientationLandscapeRight";
				LD_RUNPATH_SEARCH_PATHS = (
					"$(inherited)",
					"@executable_path/Frameworks",
				);
				MARKETING_VERSION = 1.0;
				PRODUCT_BUNDLE_IDENTIFIER = Tinkoff.yaprincevLab;
				PRODUCT_NAME = "$(TARGET_NAME)";
				SWIFT_EMIT_LOC_STRINGS = YES;
				SWIFT_VERSION = 5.0;
				TARGETED_DEVICE_FAMILY = "1,2";
			};
			name = Release;
		};
/* End XCBuildConfiguration section */

/* Begin XCConfigurationList section */
		82CA515C298D6A2B000F13BD /* Build configuration list for PBXProject "yaprincevLab" */ = {
			isa = XCConfigurationList;
			buildConfigurations = (
				82CA5173298D6A2F000F13BD /* Debug */,
				82CA5174298D6A2F000F13BD /* Release */,
			);
			defaultConfigurationIsVisible = 0;
			defaultConfigurationName = Release;
		};
		82CA5175298D6A2F000F13BD /* Build configuration list for PBXNativeTarget "yaprincevLab" */ = {
			isa = XCConfigurationList;
			buildConfigurations = (
				82CA5176298D6A2F000F13BD /* Debug */,
				82CA5177298D6A2F000F13BD /* Release */,
			);
			defaultConfigurationIsVisible = 0;
			defaultConfigurationName = Release;
		};
/* End XCConfigurationList section */
	};
	rootObject = 82CA5159298D6A2B000F13BD /* Project object */;
}
